
Microsoft Visual Studio Solution File, Format Version 12.00
# Visual Studio Version 17
VisualStudioVersion = 17.8.34525.116
MinimumVisualStudioVersion = 10.0.40219.1
Project("{FAE04EC0-301F-11D3-BF4B-00C04F79EFBC}") = "CollageApp", "CollageApp.csproj", "{919537B6-3CE6-4A6A-B7F4-3D255E2FDE7C}"
EndProject
Global
	GlobalSection(SolutionConfigurationPlatforms) = preSolution
		Debug|Any CPU = Debug|Any CPU
		Release|Any CPU = Release|Any CPU
	EndGlobalSection
	GlobalSection(ProjectConfigurationPlatforms) = postSolution
		{919537B6-3CE6-4A6A-B7F4-3D255E2FDE7C}.Debug|Any CPU.ActiveCfg = Debug|Any CPU
		{919537B6-3CE6-4A6A-B7F4-3D255E2FDE7C}.Debug|Any CPU.Build.0 = Debug|Any CPU
		{919537B6-3CE6-4A6A-B7F4-3D255E2FDE7C}.Release|Any CPU.ActiveCfg = Release|Any CPU
		{919537B6-3CE6-4A6A-B7F4-3D255E2FDE7C}.Release|Any CPU.Build.0 = Release|Any CPU
	EndGlobalSection
	GlobalSection(SolutionProperties) = preSolution
		HideSolutionNode = FALSE
	EndGlobalSection
	GlobalSection(ExtensibilityGlobals) = postSolution
		SolutionGuid = {A158BFFB-96FE-41DA-8DA7-21F99F5DBAAF}
	EndGlobalSection
EndGlobal
